
Microsoft Visual Studio Solution File, Format Version 12.00
# Visual Studio 14
VisualStudioVersion = 14.0.25420.1
MinimumVisualStudioVersion = 10.0.40219.1
Project("{FAE04EC0-301F-11D3-BF4B-00C04F79EFBC}") = "WPF_ConsData", "WPF_ConsData\WPF_ConsData.csproj", "{9184F9F2-CD14-451C-8B1B-E0B474FEE8F9}"
	ProjectSection(ProjectDependencies) = postProject
		{E3432BE2-0623-4518-8E1B-45D8F3C100BB} = {E3432BE2-0623-4518-8E1B-45D8F3C100BB}
	EndProjectSection
EndProject
Project("{FAE04EC0-301F-11D3-BF4B-00C04F79EFBC}") = "WS_ConsCliente", "WS_ConsCliente\WS_ConsCliente.csproj", "{E3432BE2-0623-4518-8E1B-45D8F3C100BB}"
EndProject
Project("{FAE04EC0-301F-11D3-BF4B-00C04F79EFBC}") = "ConsultReniecSunat", "ConsultReniec\ConsultReniecSunat.csproj", "{0A6D277F-722E-4996-98FB-5879AA8CE277}"
EndProject
Project("{FAE04EC0-301F-11D3-BF4B-00C04F79EFBC}") = "Proy_Prueba", "Proy_Prueba\Proy_Prueba.csproj", "{EECFD94C-6BF3-43C0-A277-F4B20B41C021}"
	ProjectSection(ProjectDependencies) = postProject
		{E3432BE2-0623-4518-8E1B-45D8F3C100BB} = {E3432BE2-0623-4518-8E1B-45D8F3C100BB}
	EndProjectSection
EndProject
Project("{FAE04EC0-301F-11D3-BF4B-00C04F79EFBC}") = "www.bataclubvales.com", "www.bataclubvales.com\www.bataclubvales.com.csproj", "{1B53096A-C643-4A57-8E54-396FE387D52C}"
EndProject
Project("{FAE04EC0-301F-11D3-BF4B-00C04F79EFBC}") = "SyrinxMenu", "SyrinxMenu\SyrinxMenu.csproj", "{2E182CFC-7BFE-4EC5-8EE6-C179F5F1160F}"
EndProject
Project("{FAE04EC0-301F-11D3-BF4B-00C04F79EFBC}") = "www.bata.responsive.com", "www.bata.responsive.com\www.bata.responsive.com.csproj", "{58056B08-939B-45B8-81A3-81460AB67865}"
EndProject
Project("{FAE04EC0-301F-11D3-BF4B-00C04F79EFBC}") = "WS_BataClub", "WS_BataClub\WS_BataClub.csproj", "{25642EB8-2673-4002-961D-FD16356DA1BE}"
EndProject
Project("{FAE04EC0-301F-11D3-BF4B-00C04F79EFBC}") = "Win_Des_BataClub", "Win_Des_BataClub\Win_Des_BataClub.csproj", "{62046566-4B39-40E7-B692-B5CC9BC3BCA7}"
	ProjectSection(ProjectDependencies) = postProject
		{25642EB8-2673-4002-961D-FD16356DA1BE} = {25642EB8-2673-4002-961D-FD16356DA1BE}
	EndProjectSection
EndProject
Project("{FAE04EC0-301F-11D3-BF4B-00C04F79EFBC}") = "GeneraBarraPDF", "GeneraBarraPDF\GeneraBarraPDF.csproj", "{B6CE92B4-3A8B-48C0-8956-A9EFC15C562D}"
EndProject
Project("{FAE04EC0-301F-11D3-BF4B-00C04F79EFBC}") = "WebFormatoHtml", "WebFormatoHtml\WebFormatoHtml.csproj", "{8DA842E8-38D7-4C33-A6B5-60807861FA0B}"
EndProject
Project("{FAE04EC0-301F-11D3-BF4B-00C04F79EFBC}") = "Proy_PruebaMetriCard", "Proy_PruebaMetriCard\Proy_PruebaMetriCard.csproj", "{81520C00-5379-40E0-8A84-99E20A23DFE6}"
EndProject
Project("{FAE04EC0-301F-11D3-BF4B-00C04F79EFBC}") = "Basico_Metricard", "Basico_Metricard\Basico_Metricard.csproj", "{B933F2DE-2D96-4ACC-AF4E-1824F397E5F3}"
EndProject
Project("{FAE04EC0-301F-11D3-BF4B-00C04F79EFBC}") = "Service_Envio_Metri", "Service_Envio_Metri\Service_Envio_Metri.csproj", "{C184E042-B3DD-4A93-8AB7-DBA90FF4A2F1}"
EndProject
Project("{54435603-DBB4-11D2-8724-00A0C9A8B90C}") = "Install_EnvioMetricard", "Install_EnvioMetricard\Install_EnvioMetricard.vdproj", "{5B6E53F7-B70F-4CFA-A68A-DCF76E9F384F}"
EndProject
Global
	GlobalSection(SolutionConfigurationPlatforms) = preSolution
		CD_ROM|Any CPU = CD_ROM|Any CPU
		Debug|Any CPU = Debug|Any CPU
		DVD-5|Any CPU = DVD-5|Any CPU
		Release|Any CPU = Release|Any CPU
		SingleImage|Any CPU = SingleImage|Any CPU
	EndGlobalSection
	GlobalSection(ProjectConfigurationPlatforms) = postSolution
		{9184F9F2-CD14-451C-8B1B-E0B474FEE8F9}.CD_ROM|Any CPU.ActiveCfg = Release|Any CPU
		{9184F9F2-CD14-451C-8B1B-E0B474FEE8F9}.CD_ROM|Any CPU.Build.0 = Release|Any CPU
		{9184F9F2-CD14-451C-8B1B-E0B474FEE8F9}.Debug|Any CPU.ActiveCfg = Debug|Any CPU
		{9184F9F2-CD14-451C-8B1B-E0B474FEE8F9}.Debug|Any CPU.Build.0 = Debug|Any CPU
		{9184F9F2-CD14-451C-8B1B-E0B474FEE8F9}.DVD-5|Any CPU.ActiveCfg = Debug|Any CPU
		{9184F9F2-CD14-451C-8B1B-E0B474FEE8F9}.DVD-5|Any CPU.Build.0 = Debug|Any CPU
		{9184F9F2-CD14-451C-8B1B-E0B474FEE8F9}.Release|Any CPU.ActiveCfg = Release|Any CPU
		{9184F9F2-CD14-451C-8B1B-E0B474FEE8F9}.Release|Any CPU.Build.0 = Release|Any CPU
		{9184F9F2-CD14-451C-8B1B-E0B474FEE8F9}.SingleImage|Any CPU.ActiveCfg = Release|Any CPU
		{9184F9F2-CD14-451C-8B1B-E0B474FEE8F9}.SingleImage|Any CPU.Build.0 = Release|Any CPU
		{E3432BE2-0623-4518-8E1B-45D8F3C100BB}.CD_ROM|Any CPU.ActiveCfg = Release|Any CPU
		{E3432BE2-0623-4518-8E1B-45D8F3C100BB}.CD_ROM|Any CPU.Build.0 = Release|Any CPU
		{E3432BE2-0623-4518-8E1B-45D8F3C100BB}.Debug|Any CPU.ActiveCfg = Debug|Any CPU
		{E3432BE2-0623-4518-8E1B-45D8F3C100BB}.Debug|Any CPU.Build.0 = Debug|Any CPU
		{E3432BE2-0623-4518-8E1B-45D8F3C100BB}.DVD-5|Any CPU.ActiveCfg = Debug|Any CPU
		{E3432BE2-0623-4518-8E1B-45D8F3C100BB}.DVD-5|Any CPU.Build.0 = Debug|Any CPU
		{E3432BE2-0623-4518-8E1B-45D8F3C100BB}.Release|Any CPU.ActiveCfg = Release|Any CPU
		{E3432BE2-0623-4518-8E1B-45D8F3C100BB}.Release|Any CPU.Build.0 = Release|Any CPU
		{E3432BE2-0623-4518-8E1B-45D8F3C100BB}.SingleImage|Any CPU.ActiveCfg = Release|Any CPU
		{E3432BE2-0623-4518-8E1B-45D8F3C100BB}.SingleImage|Any CPU.Build.0 = Release|Any CPU
		{0A6D277F-722E-4996-98FB-5879AA8CE277}.CD_ROM|Any CPU.ActiveCfg = Release|Any CPU
		{0A6D277F-722E-4996-98FB-5879AA8CE277}.CD_ROM|Any CPU.Build.0 = Release|Any CPU
		{0A6D277F-722E-4996-98FB-5879AA8CE277}.Debug|Any CPU.ActiveCfg = Debug|Any CPU
		{0A6D277F-722E-4996-98FB-5879AA8CE277}.Debug|Any CPU.Build.0 = Debug|Any CPU
		{0A6D277F-722E-4996-98FB-5879AA8CE277}.DVD-5|Any CPU.ActiveCfg = Debug|Any CPU
		{0A6D277F-722E-4996-98FB-5879AA8CE277}.DVD-5|Any CPU.Build.0 = Debug|Any CPU
		{0A6D277F-722E-4996-98FB-5879AA8CE277}.Release|Any CPU.ActiveCfg = Release|Any CPU
		{0A6D277F-722E-4996-98FB-5879AA8CE277}.Release|Any CPU.Build.0 = Release|Any CPU
		{0A6D277F-722E-4996-98FB-5879AA8CE277}.SingleImage|Any CPU.ActiveCfg = Release|Any CPU
		{0A6D277F-722E-4996-98FB-5879AA8CE277}.SingleImage|Any CPU.Build.0 = Release|Any CPU
		{EECFD94C-6BF3-43C0-A277-F4B20B41C021}.CD_ROM|Any CPU.ActiveCfg = Release|Any CPU
		{EECFD94C-6BF3-43C0-A277-F4B20B41C021}.CD_ROM|Any CPU.Build.0 = Release|Any CPU
		{EECFD94C-6BF3-43C0-A277-F4B20B41C021}.Debug|Any CPU.ActiveCfg = Debug|Any CPU
		{EECFD94C-6BF3-43C0-A277-F4B20B41C021}.Debug|Any CPU.Build.0 = Debug|Any CPU
		{EECFD94C-6BF3-43C0-A277-F4B20B41C021}.DVD-5|Any CPU.ActiveCfg = Debug|Any CPU
		{EECFD94C-6BF3-43C0-A277-F4B20B41C021}.DVD-5|Any CPU.Build.0 = Debug|Any CPU
		{EECFD94C-6BF3-43C0-A277-F4B20B41C021}.Release|Any CPU.ActiveCfg = Release|Any CPU
		{EECFD94C-6BF3-43C0-A277-F4B20B41C021}.Release|Any CPU.Build.0 = Release|Any CPU
		{EECFD94C-6BF3-43C0-A277-F4B20B41C021}.SingleImage|Any CPU.ActiveCfg = Release|Any CPU
		{EECFD94C-6BF3-43C0-A277-F4B20B41C021}.SingleImage|Any CPU.Build.0 = Release|Any CPU
		{1B53096A-C643-4A57-8E54-396FE387D52C}.CD_ROM|Any CPU.ActiveCfg = Release|Any CPU
		{1B53096A-C643-4A57-8E54-396FE387D52C}.CD_ROM|Any CPU.Build.0 = Release|Any CPU
		{1B53096A-C643-4A57-8E54-396FE387D52C}.Debug|Any CPU.ActiveCfg = Debug|Any CPU
		{1B53096A-C643-4A57-8E54-396FE387D52C}.Debug|Any CPU.Build.0 = Debug|Any CPU
		{1B53096A-C643-4A57-8E54-396FE387D52C}.DVD-5|Any CPU.ActiveCfg = Debug|Any CPU
		{1B53096A-C643-4A57-8E54-396FE387D52C}.DVD-5|Any CPU.Build.0 = Debug|Any CPU
		{1B53096A-C643-4A57-8E54-396FE387D52C}.Release|Any CPU.ActiveCfg = Release|Any CPU
		{1B53096A-C643-4A57-8E54-396FE387D52C}.Release|Any CPU.Build.0 = Release|Any CPU
		{1B53096A-C643-4A57-8E54-396FE387D52C}.SingleImage|Any CPU.ActiveCfg = Release|Any CPU
		{1B53096A-C643-4A57-8E54-396FE387D52C}.SingleImage|Any CPU.Build.0 = Release|Any CPU
		{2E182CFC-7BFE-4EC5-8EE6-C179F5F1160F}.CD_ROM|Any CPU.ActiveCfg = Release|Any CPU
		{2E182CFC-7BFE-4EC5-8EE6-C179F5F1160F}.CD_ROM|Any CPU.Build.0 = Release|Any CPU
		{2E182CFC-7BFE-4EC5-8EE6-C179F5F1160F}.Debug|Any CPU.ActiveCfg = Debug|Any CPU
		{2E182CFC-7BFE-4EC5-8EE6-C179F5F1160F}.Debug|Any CPU.Build.0 = Debug|Any CPU
		{2E182CFC-7BFE-4EC5-8EE6-C179F5F1160F}.DVD-5|Any CPU.ActiveCfg = Debug|Any CPU
		{2E182CFC-7BFE-4EC5-8EE6-C179F5F1160F}.DVD-5|Any CPU.Build.0 = Debug|Any CPU
		{2E182CFC-7BFE-4EC5-8EE6-C179F5F1160F}.Release|Any CPU.ActiveCfg = Release|Any CPU
		{2E182CFC-7BFE-4EC5-8EE6-C179F5F1160F}.Release|Any CPU.Build.0 = Release|Any CPU
		{2E182CFC-7BFE-4EC5-8EE6-C179F5F1160F}.SingleImage|Any CPU.ActiveCfg = Release|Any CPU
		{2E182CFC-7BFE-4EC5-8EE6-C179F5F1160F}.SingleImage|Any CPU.Build.0 = Release|Any CPU
		{58056B08-939B-45B8-81A3-81460AB67865}.CD_ROM|Any CPU.ActiveCfg = Release|Any CPU
		{58056B08-939B-45B8-81A3-81460AB67865}.CD_ROM|Any CPU.Build.0 = Release|Any CPU
		{58056B08-939B-45B8-81A3-81460AB67865}.Debug|Any CPU.ActiveCfg = Debug|Any CPU
		{58056B08-939B-45B8-81A3-81460AB67865}.Debug|Any CPU.Build.0 = Debug|Any CPU
		{58056B08-939B-45B8-81A3-81460AB67865}.DVD-5|Any CPU.ActiveCfg = Debug|Any CPU
		{58056B08-939B-45B8-81A3-81460AB67865}.DVD-5|Any CPU.Build.0 = Debug|Any CPU
		{58056B08-939B-45B8-81A3-81460AB67865}.Release|Any CPU.ActiveCfg = Release|Any CPU
		{58056B08-939B-45B8-81A3-81460AB67865}.Release|Any CPU.Build.0 = Release|Any CPU
		{58056B08-939B-45B8-81A3-81460AB67865}.SingleImage|Any CPU.ActiveCfg = Release|Any CPU
		{58056B08-939B-45B8-81A3-81460AB67865}.SingleImage|Any CPU.Build.0 = Release|Any CPU
		{25642EB8-2673-4002-961D-FD16356DA1BE}.CD_ROM|Any CPU.ActiveCfg = Release|Any CPU
		{25642EB8-2673-4002-961D-FD16356DA1BE}.CD_ROM|Any CPU.Build.0 = Release|Any CPU
		{25642EB8-2673-4002-961D-FD16356DA1BE}.Debug|Any CPU.ActiveCfg = Debug|Any CPU
		{25642EB8-2673-4002-961D-FD16356DA1BE}.Debug|Any CPU.Build.0 = Debug|Any CPU
		{25642EB8-2673-4002-961D-FD16356DA1BE}.DVD-5|Any CPU.ActiveCfg = Debug|Any CPU
		{25642EB8-2673-4002-961D-FD16356DA1BE}.DVD-5|Any CPU.Build.0 = Debug|Any CPU
		{25642EB8-2673-4002-961D-FD16356DA1BE}.Release|Any CPU.ActiveCfg = Release|Any CPU
		{25642EB8-2673-4002-961D-FD16356DA1BE}.Release|Any CPU.Build.0 = Release|Any CPU
		{25642EB8-2673-4002-961D-FD16356DA1BE}.SingleImage|Any CPU.ActiveCfg = Release|Any CPU
		{25642EB8-2673-4002-961D-FD16356DA1BE}.SingleImage|Any CPU.Build.0 = Release|Any CPU
		{62046566-4B39-40E7-B692-B5CC9BC3BCA7}.CD_ROM|Any CPU.ActiveCfg = Release|Any CPU
		{62046566-4B39-40E7-B692-B5CC9BC3BCA7}.CD_ROM|Any CPU.Build.0 = Release|Any CPU
		{62046566-4B39-40E7-B692-B5CC9BC3BCA7}.Debug|Any CPU.ActiveCfg = Debug|Any CPU
		{62046566-4B39-40E7-B692-B5CC9BC3BCA7}.Debug|Any CPU.Build.0 = Debug|Any CPU
		{62046566-4B39-40E7-B692-B5CC9BC3BCA7}.DVD-5|Any CPU.ActiveCfg = Debug|Any CPU
		{62046566-4B39-40E7-B692-B5CC9BC3BCA7}.DVD-5|Any CPU.Build.0 = Debug|Any CPU
		{62046566-4B39-40E7-B692-B5CC9BC3BCA7}.Release|Any CPU.ActiveCfg = Release|Any CPU
		{62046566-4B39-40E7-B692-B5CC9BC3BCA7}.Release|Any CPU.Build.0 = Release|Any CPU
		{62046566-4B39-40E7-B692-B5CC9BC3BCA7}.SingleImage|Any CPU.ActiveCfg = Release|Any CPU
		{62046566-4B39-40E7-B692-B5CC9BC3BCA7}.SingleImage|Any CPU.Build.0 = Release|Any CPU
		{B6CE92B4-3A8B-48C0-8956-A9EFC15C562D}.CD_ROM|Any CPU.ActiveCfg = Release|Any CPU
		{B6CE92B4-3A8B-48C0-8956-A9EFC15C562D}.CD_ROM|Any CPU.Build.0 = Release|Any CPU
		{B6CE92B4-3A8B-48C0-8956-A9EFC15C562D}.Debug|Any CPU.ActiveCfg = Debug|Any CPU
		{B6CE92B4-3A8B-48C0-8956-A9EFC15C562D}.Debug|Any CPU.Build.0 = Debug|Any CPU
		{B6CE92B4-3A8B-48C0-8956-A9EFC15C562D}.DVD-5|Any CPU.ActiveCfg = Debug|Any CPU
		{B6CE92B4-3A8B-48C0-8956-A9EFC15C562D}.DVD-5|Any CPU.Build.0 = Debug|Any CPU
		{B6CE92B4-3A8B-48C0-8956-A9EFC15C562D}.Release|Any CPU.ActiveCfg = Release|Any CPU
		{B6CE92B4-3A8B-48C0-8956-A9EFC15C562D}.Release|Any CPU.Build.0 = Release|Any CPU
		{B6CE92B4-3A8B-48C0-8956-A9EFC15C562D}.SingleImage|Any CPU.ActiveCfg = Release|Any CPU
		{B6CE92B4-3A8B-48C0-8956-A9EFC15C562D}.SingleImage|Any CPU.Build.0 = Release|Any CPU
		{8DA842E8-38D7-4C33-A6B5-60807861FA0B}.CD_ROM|Any CPU.ActiveCfg = Release|Any CPU
		{8DA842E8-38D7-4C33-A6B5-60807861FA0B}.CD_ROM|Any CPU.Build.0 = Release|Any CPU
		{8DA842E8-38D7-4C33-A6B5-60807861FA0B}.Debug|Any CPU.ActiveCfg = Debug|Any CPU
		{8DA842E8-38D7-4C33-A6B5-60807861FA0B}.Debug|Any CPU.Build.0 = Debug|Any CPU
		{8DA842E8-38D7-4C33-A6B5-60807861FA0B}.DVD-5|Any CPU.ActiveCfg = Debug|Any CPU
		{8DA842E8-38D7-4C33-A6B5-60807861FA0B}.DVD-5|Any CPU.Build.0 = Debug|Any CPU
		{8DA842E8-38D7-4C33-A6B5-60807861FA0B}.Release|Any CPU.ActiveCfg = Release|Any CPU
		{8DA842E8-38D7-4C33-A6B5-60807861FA0B}.Release|Any CPU.Build.0 = Release|Any CPU
		{8DA842E8-38D7-4C33-A6B5-60807861FA0B}.SingleImage|Any CPU.ActiveCfg = Release|Any CPU
		{8DA842E8-38D7-4C33-A6B5-60807861FA0B}.SingleImage|Any CPU.Build.0 = Release|Any CPU
		{81520C00-5379-40E0-8A84-99E20A23DFE6}.CD_ROM|Any CPU.ActiveCfg = Release|Any CPU
		{81520C00-5379-40E0-8A84-99E20A23DFE6}.CD_ROM|Any CPU.Build.0 = Release|Any CPU
		{81520C00-5379-40E0-8A84-99E20A23DFE6}.Debug|Any CPU.ActiveCfg = Debug|Any CPU
		{81520C00-5379-40E0-8A84-99E20A23DFE6}.Debug|Any CPU.Build.0 = Debug|Any CPU
		{81520C00-5379-40E0-8A84-99E20A23DFE6}.DVD-5|Any CPU.ActiveCfg = Debug|Any CPU
		{81520C00-5379-40E0-8A84-99E20A23DFE6}.DVD-5|Any CPU.Build.0 = Debug|Any CPU
		{81520C00-5379-40E0-8A84-99E20A23DFE6}.Release|Any CPU.ActiveCfg = Release|Any CPU
		{81520C00-5379-40E0-8A84-99E20A23DFE6}.Release|Any CPU.Build.0 = Release|Any CPU
		{81520C00-5379-40E0-8A84-99E20A23DFE6}.SingleImage|Any CPU.ActiveCfg = Release|Any CPU
		{81520C00-5379-40E0-8A84-99E20A23DFE6}.SingleImage|Any CPU.Build.0 = Release|Any CPU
		{B933F2DE-2D96-4ACC-AF4E-1824F397E5F3}.CD_ROM|Any CPU.ActiveCfg = Release|Any CPU
		{B933F2DE-2D96-4ACC-AF4E-1824F397E5F3}.CD_ROM|Any CPU.Build.0 = Release|Any CPU
		{B933F2DE-2D96-4ACC-AF4E-1824F397E5F3}.Debug|Any CPU.ActiveCfg = Debug|Any CPU
		{B933F2DE-2D96-4ACC-AF4E-1824F397E5F3}.Debug|Any CPU.Build.0 = Debug|Any CPU
		{B933F2DE-2D96-4ACC-AF4E-1824F397E5F3}.DVD-5|Any CPU.ActiveCfg = Debug|Any CPU
		{B933F2DE-2D96-4ACC-AF4E-1824F397E5F3}.DVD-5|Any CPU.Build.0 = Debug|Any CPU
		{B933F2DE-2D96-4ACC-AF4E-1824F397E5F3}.Release|Any CPU.ActiveCfg = Release|Any CPU
		{B933F2DE-2D96-4ACC-AF4E-1824F397E5F3}.Release|Any CPU.Build.0 = Release|Any CPU
		{B933F2DE-2D96-4ACC-AF4E-1824F397E5F3}.SingleImage|Any CPU.ActiveCfg = Release|Any CPU
		{B933F2DE-2D96-4ACC-AF4E-1824F397E5F3}.SingleImage|Any CPU.Build.0 = Release|Any CPU
		{C184E042-B3DD-4A93-8AB7-DBA90FF4A2F1}.CD_ROM|Any CPU.ActiveCfg = Release|Any CPU
		{C184E042-B3DD-4A93-8AB7-DBA90FF4A2F1}.CD_ROM|Any CPU.Build.0 = Release|Any CPU
		{C184E042-B3DD-4A93-8AB7-DBA90FF4A2F1}.Debug|Any CPU.ActiveCfg = Debug|Any CPU
		{C184E042-B3DD-4A93-8AB7-DBA90FF4A2F1}.Debug|Any CPU.Build.0 = Debug|Any CPU
		{C184E042-B3DD-4A93-8AB7-DBA90FF4A2F1}.DVD-5|Any CPU.ActiveCfg = Debug|Any CPU
		{C184E042-B3DD-4A93-8AB7-DBA90FF4A2F1}.DVD-5|Any CPU.Build.0 = Debug|Any CPU
		{C184E042-B3DD-4A93-8AB7-DBA90FF4A2F1}.Release|Any CPU.ActiveCfg = Release|Any CPU
		{C184E042-B3DD-4A93-8AB7-DBA90FF4A2F1}.Release|Any CPU.Build.0 = Release|Any CPU
		{C184E042-B3DD-4A93-8AB7-DBA90FF4A2F1}.SingleImage|Any CPU.ActiveCfg = Release|Any CPU
		{C184E042-B3DD-4A93-8AB7-DBA90FF4A2F1}.SingleImage|Any CPU.Build.0 = Release|Any CPU
		{5B6E53F7-B70F-4CFA-A68A-DCF76E9F384F}.CD_ROM|Any CPU.ActiveCfg = Release
		{5B6E53F7-B70F-4CFA-A68A-DCF76E9F384F}.Debug|Any CPU.ActiveCfg = Debug
		{5B6E53F7-B70F-4CFA-A68A-DCF76E9F384F}.DVD-5|Any CPU.ActiveCfg = Debug
		{5B6E53F7-B70F-4CFA-A68A-DCF76E9F384F}.Release|Any CPU.ActiveCfg = Release
		{5B6E53F7-B70F-4CFA-A68A-DCF76E9F384F}.SingleImage|Any CPU.ActiveCfg = Release
	EndGlobalSection
	GlobalSection(SolutionProperties) = preSolution
		HideSolutionNode = FALSE
	EndGlobalSection
EndGlobal
